
Microsoft Visual Studio Solution File, Format Version 12.00
# Visual Studio 15
VisualStudioVersion = 15.0.27130.2036
MinimumVisualStudioVersion = 10.0.40219.1
Project("{FAE04EC0-301F-11D3-BF4B-00C04F79EFBC}") = "faJSONXML", "faJSONXML\faJSONXML.csproj", "{8B6CF2E6-A263-46C7-9345-E29C280A6EFE}"
EndProject
Global
	GlobalSection(SolutionConfigurationPlatforms) = preSolution
		Debug|Any CPU = Debug|Any CPU
		Release|Any CPU = Release|Any CPU
	EndGlobalSection
	GlobalSection(ProjectConfigurationPlatforms) = postSolution
		{8B6CF2E6-A263-46C7-9345-E29C280A6EFE}.Debug|Any CPU.ActiveCfg = Debug|Any CPU
		{8B6CF2E6-A263-46C7-9345-E29C280A6EFE}.Debug|Any CPU.Build.0 = Debug|Any CPU
		{8B6CF2E6-A263-46C7-9345-E29C280A6EFE}.Release|Any CPU.ActiveCfg = Release|Any CPU
		{8B6CF2E6-A263-46C7-9345-E29C280A6EFE}.Release|Any CPU.Build.0 = Release|Any CPU
	EndGlobalSection
	GlobalSection(SolutionProperties) = preSolution
		HideSolutionNode = FALSE
	EndGlobalSection
	GlobalSection(ExtensibilityGlobals) = postSolution
		SolutionGuid = {0742074E-9121-4AD9-884A-6839AE00CB45}
	EndGlobalSection
EndGlobal
